// !$*UTF8*$!
{
	archiveVersion = 1;
	classes = {
	};
	objectVersion = 56;
	objects = {

/* Begin PBXBuildFile section */
		6868A4EF2AB8D4BF00542E59 /* TransactionsDetailsUseCase + Protocol.swift in Sources */ = {isa = PBXBuildFile; fileRef = 6868A4EE2AB8D4BF00542E59 /* TransactionsDetailsUseCase + Protocol.swift */; };
		6868A4F22AB95F3F00542E59 /* String + Extensions.swift in Sources */ = {isa = PBXBuildFile; fileRef = 6868A4F12AB95F3F00542E59 /* String + Extensions.swift */; };
		6868A4F72AB9737800542E59 /* UIView + Extension.swift in Sources */ = {isa = PBXBuildFile; fileRef = 6868A4F62AB9737800542E59 /* UIView + Extension.swift */; };
		6868A4F92AB97BF400542E59 /* BottomSheet.swift in Sources */ = {isa = PBXBuildFile; fileRef = 6868A4F82AB97BF400542E59 /* BottomSheet.swift */; };
		6868A4FC2AB9875B00542E59 /* TransactionList + ViewController + Cell + Methods.swift in Sources */ = {isa = PBXBuildFile; fileRef = 6868A4FB2AB9875B00542E59 /* TransactionList + ViewController + Cell + Methods.swift */; };
		6868A4FE2AB98AAF00542E59 /* TransactionsList + ViewController + Cell + DetailsHolder.swift in Sources */ = {isa = PBXBuildFile; fileRef = 6868A4FD2AB98AAF00542E59 /* TransactionsList + ViewController + Cell + DetailsHolder.swift */; };
		6868A5002AB9925700542E59 /* ImageDownloader.swift in Sources */ = {isa = PBXBuildFile; fileRef = 6868A4FF2AB9925700542E59 /* ImageDownloader.swift */; };
		6868A5022AB993EE00542E59 /* TransactionsList + ViewController + Cell + Conformance.swift in Sources */ = {isa = PBXBuildFile; fileRef = 6868A5012AB993EE00542E59 /* TransactionsList + ViewController + Cell + Conformance.swift */; };
		6868A5052AB9A02E00542E59 /* TransactionCache.swift in Sources */ = {isa = PBXBuildFile; fileRef = 6868A5042AB9A02E00542E59 /* TransactionCache.swift */; };
		6868A5072AB9B85500542E59 /* Array + Extensions.swift in Sources */ = {isa = PBXBuildFile; fileRef = 6868A5062AB9B85500542E59 /* Array + Extensions.swift */; };
		6868A5342AB9E68800542E59 /* TransactionsListTests.swift in Sources */ = {isa = PBXBuildFile; fileRef = 6868A5322AB9E68800542E59 /* TransactionsListTests.swift */; };
		6868A5382AB9EC9300542E59 /* AppCoordinator + Protocol.swift in Sources */ = {isa = PBXBuildFile; fileRef = 6868A5372AB9EC9300542E59 /* AppCoordinator + Protocol.swift */; };
		68DF04E82AB7591F00724788 /* AppDelegate.swift in Sources */ = {isa = PBXBuildFile; fileRef = 68DF04E72AB7591F00724788 /* AppDelegate.swift */; };
		68DF04EC2AB7591F00724788 /* ViewController.swift in Sources */ = {isa = PBXBuildFile; fileRef = 68DF04EB2AB7591F00724788 /* ViewController.swift */; };
		68DF04F12AB7592400724788 /* Assets.xcassets in Resources */ = {isa = PBXBuildFile; fileRef = 68DF04F02AB7592400724788 /* Assets.xcassets */; };
		68DF04F42AB7592400724788 /* LaunchScreen.storyboard in Resources */ = {isa = PBXBuildFile; fileRef = 68DF04F22AB7592400724788 /* LaunchScreen.storyboard */; };
		68DF05092AB7592500724788 /* MobiletUITests.swift in Sources */ = {isa = PBXBuildFile; fileRef = 68DF05082AB7592500724788 /* MobiletUITests.swift */; };
		68DF050B2AB7592500724788 /* MobiletUITestsLaunchTests.swift in Sources */ = {isa = PBXBuildFile; fileRef = 68DF050A2AB7592500724788 /* MobiletUITestsLaunchTests.swift */; };
		68DF052E2AB7651600724788 /* Network + Manager.swift in Sources */ = {isa = PBXBuildFile; fileRef = 68DF052D2AB7651600724788 /* Network + Manager.swift */; };
		68DF05302AB765F500724788 /* Network + Client.swift in Sources */ = {isa = PBXBuildFile; fileRef = 68DF052F2AB765F500724788 /* Network + Client.swift */; };
		68DF05332AB7669100724788 /* Endpoints + Protocol.swift in Sources */ = {isa = PBXBuildFile; fileRef = 68DF05322AB7669100724788 /* Endpoints + Protocol.swift */; };
		68DF05352AB768BD00724788 /* Endpoints + Transactions.swift in Sources */ = {isa = PBXBuildFile; fileRef = 68DF05342AB768BD00724788 /* Endpoints + Transactions.swift */; };
		68DF05372AB76AF500724788 /* Network + Errors.swift in Sources */ = {isa = PBXBuildFile; fileRef = 68DF05362AB76AF500724788 /* Network + Errors.swift */; };
		B1403B982AB82B33002C0444 /* Transaction.swift in Sources */ = {isa = PBXBuildFile; fileRef = B1403B972AB82B33002C0444 /* Transaction.swift */; };
		B1403B9A2AB82BC7002C0444 /* Bank.swift in Sources */ = {isa = PBXBuildFile; fileRef = B1403B992AB82BC7002C0444 /* Bank.swift */; };
		B1403B9C2AB82BDF002C0444 /* Person.swift in Sources */ = {isa = PBXBuildFile; fileRef = B1403B9B2AB82BDF002C0444 /* Person.swift */; };
		B1403B9E2AB82C53002C0444 /* NameSpace + Entities.swift in Sources */ = {isa = PBXBuildFile; fileRef = B1403B9D2AB82C53002C0444 /* NameSpace + Entities.swift */; };
		B1403BA02AB82D36002C0444 /* TransactionsRepository + Protocol.swift in Sources */ = {isa = PBXBuildFile; fileRef = B1403B9F2AB82D36002C0444 /* TransactionsRepository + Protocol.swift */; };
		B1403BA52AB82E2B002C0444 /* TransactionsListUseCase + Protocol.swift in Sources */ = {isa = PBXBuildFile; fileRef = B1403BA42AB82E2B002C0444 /* TransactionsListUseCase + Protocol.swift */; };
		B1403BAA2AB82F31002C0444 /* TransactionsList + UseCase.swift in Sources */ = {isa = PBXBuildFile; fileRef = B1403BA92AB82F31002C0444 /* TransactionsList + UseCase.swift */; };
		B1403BAC2AB83139002C0444 /* TransactionsDetails + UseCase.swift in Sources */ = {isa = PBXBuildFile; fileRef = B1403BAB2AB83139002C0444 /* TransactionsDetails + UseCase.swift */; };
		B1403BAF2AB8327E002C0444 /* Transactions + Repository.swift in Sources */ = {isa = PBXBuildFile; fileRef = B1403BAE2AB8327E002C0444 /* Transactions + Repository.swift */; };
		B1403BB12AB86B65002C0444 /* TransactionsList + ViewModel.swift in Sources */ = {isa = PBXBuildFile; fileRef = B1403BB02AB86B65002C0444 /* TransactionsList + ViewModel.swift */; };
		B1403BB32AB86BDC002C0444 /* TransactionsList + ViewModel + Protocol.swift in Sources */ = {isa = PBXBuildFile; fileRef = B1403BB22AB86BDC002C0444 /* TransactionsList + ViewModel + Protocol.swift */; };
		B1403BB52AB86C30002C0444 /* TransactionsList + ViewController.swift in Sources */ = {isa = PBXBuildFile; fileRef = B1403BB42AB86C30002C0444 /* TransactionsList + ViewController.swift */; };
		B1403BB72AB86C9D002C0444 /* TransactionsList + ViewController + Methods.swift in Sources */ = {isa = PBXBuildFile; fileRef = B1403BB62AB86C9D002C0444 /* TransactionsList + ViewController + Methods.swift */; };
		B1403BB92AB86D25002C0444 /* TransactionsList + ViewController + Conformance.swift in Sources */ = {isa = PBXBuildFile; fileRef = B1403BB82AB86D25002C0444 /* TransactionsList + ViewController + Conformance.swift */; };
		B1403BBB2AB86EE3002C0444 /* TransactionsList + ViewController + Cell.swift in Sources */ = {isa = PBXBuildFile; fileRef = B1403BBA2AB86EE3002C0444 /* TransactionsList + ViewController + Cell.swift */; };
		B1403BBD2AB8799F002C0444 /* AppCoordinator.swift in Sources */ = {isa = PBXBuildFile; fileRef = B1403BBC2AB8799E002C0444 /* AppCoordinator.swift */; };
/* End PBXBuildFile section */

/* Begin PBXContainerItemProxy section */
		68DF04FB2AB7592500724788 /* PBXContainerItemProxy */ = {
			isa = PBXContainerItemProxy;
			containerPortal = 68DF04DC2AB7591F00724788 /* Project object */;
			proxyType = 1;
			remoteGlobalIDString = 68DF04E32AB7591F00724788;
			remoteInfo = Mobilet;
		};
		68DF05052AB7592500724788 /* PBXContainerItemProxy */ = {
			isa = PBXContainerItemProxy;
			containerPortal = 68DF04DC2AB7591F00724788 /* Project object */;
			proxyType = 1;
			remoteGlobalIDString = 68DF04E32AB7591F00724788;
			remoteInfo = Mobilet;
		};
/* End PBXContainerItemProxy section */

/* Begin PBXFileReference section */
		6868A4EE2AB8D4BF00542E59 /* TransactionsDetailsUseCase + Protocol.swift */ = {isa = PBXFileReference; lastKnownFileType = sourcecode.swift; path = "TransactionsDetailsUseCase + Protocol.swift"; sourceTree = "<group>"; };
		6868A4F12AB95F3F00542E59 /* String + Extensions.swift */ = {isa = PBXFileReference; lastKnownFileType = sourcecode.swift; path = "String + Extensions.swift"; sourceTree = "<group>"; };
		6868A4F62AB9737800542E59 /* UIView + Extension.swift */ = {isa = PBXFileReference; lastKnownFileType = sourcecode.swift; path = "UIView + Extension.swift"; sourceTree = "<group>"; };
		6868A4F82AB97BF400542E59 /* BottomSheet.swift */ = {isa = PBXFileReference; lastKnownFileType = sourcecode.swift; path = BottomSheet.swift; sourceTree = "<group>"; };
		6868A4FB2AB9875B00542E59 /* TransactionList + ViewController + Cell + Methods.swift */ = {isa = PBXFileReference; lastKnownFileType = sourcecode.swift; path = "TransactionList + ViewController + Cell + Methods.swift"; sourceTree = "<group>"; };
		6868A4FD2AB98AAF00542E59 /* TransactionsList + ViewController + Cell + DetailsHolder.swift */ = {isa = PBXFileReference; lastKnownFileType = sourcecode.swift; path = "TransactionsList + ViewController + Cell + DetailsHolder.swift"; sourceTree = "<group>"; };
		6868A4FF2AB9925700542E59 /* ImageDownloader.swift */ = {isa = PBXFileReference; lastKnownFileType = sourcecode.swift; path = ImageDownloader.swift; sourceTree = "<group>"; };
		6868A5012AB993EE00542E59 /* TransactionsList + ViewController + Cell + Conformance.swift */ = {isa = PBXFileReference; lastKnownFileType = sourcecode.swift; path = "TransactionsList + ViewController + Cell + Conformance.swift"; sourceTree = "<group>"; };
		6868A5042AB9A02E00542E59 /* TransactionCache.swift */ = {isa = PBXFileReference; lastKnownFileType = sourcecode.swift; path = TransactionCache.swift; sourceTree = "<group>"; };
		6868A5062AB9B85500542E59 /* Array + Extensions.swift */ = {isa = PBXFileReference; lastKnownFileType = sourcecode.swift; path = "Array + Extensions.swift"; sourceTree = "<group>"; };
		6868A5322AB9E68800542E59 /* TransactionsListTests.swift */ = {isa = PBXFileReference; lastKnownFileType = sourcecode.swift; path = TransactionsListTests.swift; sourceTree = "<group>"; };
		6868A5372AB9EC9300542E59 /* AppCoordinator + Protocol.swift */ = {isa = PBXFileReference; lastKnownFileType = sourcecode.swift; path = "AppCoordinator + Protocol.swift"; sourceTree = "<group>"; };
		68DF04E42AB7591F00724788 /* Mobilet.app */ = {isa = PBXFileReference; explicitFileType = wrapper.application; includeInIndex = 0; path = Mobilet.app; sourceTree = BUILT_PRODUCTS_DIR; };
		68DF04E72AB7591F00724788 /* AppDelegate.swift */ = {isa = PBXFileReference; lastKnownFileType = sourcecode.swift; path = AppDelegate.swift; sourceTree = "<group>"; };
		68DF04EB2AB7591F00724788 /* ViewController.swift */ = {isa = PBXFileReference; lastKnownFileType = sourcecode.swift; path = ViewController.swift; sourceTree = "<group>"; };
		68DF04F02AB7592400724788 /* Assets.xcassets */ = {isa = PBXFileReference; lastKnownFileType = folder.assetcatalog; path = Assets.xcassets; sourceTree = "<group>"; };
		68DF04F32AB7592400724788 /* Base */ = {isa = PBXFileReference; lastKnownFileType = file.storyboard; name = Base; path = Base.lproj/LaunchScreen.storyboard; sourceTree = "<group>"; };
		68DF04F52AB7592400724788 /* Info.plist */ = {isa = PBXFileReference; lastKnownFileType = text.plist.xml; path = Info.plist; sourceTree = "<group>"; };
		68DF04FA2AB7592500724788 /* MobiletTests.xctest */ = {isa = PBXFileReference; explicitFileType = wrapper.cfbundle; includeInIndex = 0; path = MobiletTests.xctest; sourceTree = BUILT_PRODUCTS_DIR; };
		68DF05042AB7592500724788 /* MobiletUITests.xctest */ = {isa = PBXFileReference; explicitFileType = wrapper.cfbundle; includeInIndex = 0; path = MobiletUITests.xctest; sourceTree = BUILT_PRODUCTS_DIR; };
		68DF05082AB7592500724788 /* MobiletUITests.swift */ = {isa = PBXFileReference; lastKnownFileType = sourcecode.swift; path = MobiletUITests.swift; sourceTree = "<group>"; };
		68DF050A2AB7592500724788 /* MobiletUITestsLaunchTests.swift */ = {isa = PBXFileReference; lastKnownFileType = sourcecode.swift; path = MobiletUITestsLaunchTests.swift; sourceTree = "<group>"; };
		68DF052D2AB7651600724788 /* Network + Manager.swift */ = {isa = PBXFileReference; lastKnownFileType = sourcecode.swift; path = "Network + Manager.swift"; sourceTree = "<group>"; };
		68DF052F2AB765F500724788 /* Network + Client.swift */ = {isa = PBXFileReference; lastKnownFileType = sourcecode.swift; path = "Network + Client.swift"; sourceTree = "<group>"; };
		68DF05322AB7669100724788 /* Endpoints + Protocol.swift */ = {isa = PBXFileReference; lastKnownFileType = sourcecode.swift; path = "Endpoints + Protocol.swift"; sourceTree = "<group>"; };
		68DF05342AB768BD00724788 /* Endpoints + Transactions.swift */ = {isa = PBXFileReference; lastKnownFileType = sourcecode.swift; path = "Endpoints + Transactions.swift"; sourceTree = "<group>"; };
		68DF05362AB76AF500724788 /* Network + Errors.swift */ = {isa = PBXFileReference; lastKnownFileType = sourcecode.swift; path = "Network + Errors.swift"; sourceTree = "<group>"; };
		B1403B972AB82B33002C0444 /* Transaction.swift */ = {isa = PBXFileReference; lastKnownFileType = sourcecode.swift; path = Transaction.swift; sourceTree = "<group>"; };
		B1403B992AB82BC7002C0444 /* Bank.swift */ = {isa = PBXFileReference; lastKnownFileType = sourcecode.swift; path = Bank.swift; sourceTree = "<group>"; };
		B1403B9B2AB82BDF002C0444 /* Person.swift */ = {isa = PBXFileReference; lastKnownFileType = sourcecode.swift; path = Person.swift; sourceTree = "<group>"; };
		B1403B9D2AB82C53002C0444 /* NameSpace + Entities.swift */ = {isa = PBXFileReference; lastKnownFileType = sourcecode.swift; path = "NameSpace + Entities.swift"; sourceTree = "<group>"; };
		B1403B9F2AB82D36002C0444 /* TransactionsRepository + Protocol.swift */ = {isa = PBXFileReference; lastKnownFileType = sourcecode.swift; path = "TransactionsRepository + Protocol.swift"; sourceTree = "<group>"; };
		B1403BA42AB82E2B002C0444 /* TransactionsListUseCase + Protocol.swift */ = {isa = PBXFileReference; lastKnownFileType = sourcecode.swift; path = "TransactionsListUseCase + Protocol.swift"; sourceTree = "<group>"; };
		B1403BA92AB82F31002C0444 /* TransactionsList + UseCase.swift */ = {isa = PBXFileReference; lastKnownFileType = sourcecode.swift; path = "TransactionsList + UseCase.swift"; sourceTree = "<group>"; };
		B1403BAB2AB83139002C0444 /* TransactionsDetails + UseCase.swift */ = {isa = PBXFileReference; lastKnownFileType = sourcecode.swift; path = "TransactionsDetails + UseCase.swift"; sourceTree = "<group>"; };
		B1403BAE2AB8327E002C0444 /* Transactions + Repository.swift */ = {isa = PBXFileReference; lastKnownFileType = sourcecode.swift; path = "Transactions + Repository.swift"; sourceTree = "<group>"; };
		B1403BB02AB86B65002C0444 /* TransactionsList + ViewModel.swift */ = {isa = PBXFileReference; lastKnownFileType = sourcecode.swift; path = "TransactionsList + ViewModel.swift"; sourceTree = "<group>"; };
		B1403BB22AB86BDC002C0444 /* TransactionsList + ViewModel + Protocol.swift */ = {isa = PBXFileReference; lastKnownFileType = sourcecode.swift; path = "TransactionsList + ViewModel + Protocol.swift"; sourceTree = "<group>"; };
		B1403BB42AB86C30002C0444 /* TransactionsList + ViewController.swift */ = {isa = PBXFileReference; lastKnownFileType = sourcecode.swift; path = "TransactionsList + ViewController.swift"; sourceTree = "<group>"; };
		B1403BB62AB86C9D002C0444 /* TransactionsList + ViewController + Methods.swift */ = {isa = PBXFileReference; lastKnownFileType = sourcecode.swift; path = "TransactionsList + ViewController + Methods.swift"; sourceTree = "<group>"; };
		B1403BB82AB86D25002C0444 /* TransactionsList + ViewController + Conformance.swift */ = {isa = PBXFileReference; lastKnownFileType = sourcecode.swift; path = "TransactionsList + ViewController + Conformance.swift"; sourceTree = "<group>"; };
		B1403BBA2AB86EE3002C0444 /* TransactionsList + ViewController + Cell.swift */ = {isa = PBXFileReference; lastKnownFileType = sourcecode.swift; path = "TransactionsList + ViewController + Cell.swift"; sourceTree = "<group>"; };
		B1403BBC2AB8799E002C0444 /* AppCoordinator.swift */ = {isa = PBXFileReference; lastKnownFileType = sourcecode.swift; path = AppCoordinator.swift; sourceTree = "<group>"; };
/* End PBXFileReference section */

/* Begin PBXFrameworksBuildPhase section */
		68DF04E12AB7591F00724788 /* Frameworks */ = {
			isa = PBXFrameworksBuildPhase;
			buildActionMask = 2147483647;
			files = (
			);
			runOnlyForDeploymentPostprocessing = 0;
		};
		68DF04F72AB7592500724788 /* Frameworks */ = {
			isa = PBXFrameworksBuildPhase;
			buildActionMask = 2147483647;
			files = (
			);
			runOnlyForDeploymentPostprocessing = 0;
		};
		68DF05012AB7592500724788 /* Frameworks */ = {
			isa = PBXFrameworksBuildPhase;
			buildActionMask = 2147483647;
			files = (
			);
			runOnlyForDeploymentPostprocessing = 0;
		};
/* End PBXFrameworksBuildPhase section */

/* Begin PBXGroup section */
		6868A4F02AB95F2C00542E59 /* Extensions */ = {
			isa = PBXGroup;
			children = (
				6868A4F12AB95F3F00542E59 /* String + Extensions.swift */,
				6868A4F62AB9737800542E59 /* UIView + Extension.swift */,
				6868A5062AB9B85500542E59 /* Array + Extensions.swift */,
			);
			path = Extensions;
			sourceTree = "<group>";
		};
		6868A4FA2AB9872E00542E59 /* Childs */ = {
			isa = PBXGroup;
			children = (
				B1403BBA2AB86EE3002C0444 /* TransactionsList + ViewController + Cell.swift */,
				6868A4FD2AB98AAF00542E59 /* TransactionsList + ViewController + Cell + DetailsHolder.swift */,
				6868A4FB2AB9875B00542E59 /* TransactionList + ViewController + Cell + Methods.swift */,
				6868A5012AB993EE00542E59 /* TransactionsList + ViewController + Cell + Conformance.swift */,
			);
			path = Childs;
			sourceTree = "<group>";
		};
		6868A5032AB9A01600542E59 /* Caching */ = {
			isa = PBXGroup;
			children = (
				6868A5042AB9A02E00542E59 /* TransactionCache.swift */,
			);
			path = Caching;
			sourceTree = "<group>";
		};
		6868A5362AB9EC7600542E59 /* Coordinator */ = {
			isa = PBXGroup;
			children = (
				B1403BBC2AB8799E002C0444 /* AppCoordinator.swift */,
				6868A5372AB9EC9300542E59 /* AppCoordinator + Protocol.swift */,
			);
			path = Coordinator;
			sourceTree = "<group>";
		};
		68DF04DB2AB7591F00724788 = {
			isa = PBXGroup;
			children = (
				68DF04E62AB7591F00724788 /* Mobilet */,
				68DF04FD2AB7592500724788 /* MobiletTests */,
				68DF05072AB7592500724788 /* MobiletUITests */,
				68DF04E52AB7591F00724788 /* Products */,
			);
			sourceTree = "<group>";
		};
		68DF04E52AB7591F00724788 /* Products */ = {
			isa = PBXGroup;
			children = (
				68DF04E42AB7591F00724788 /* Mobilet.app */,
				68DF04FA2AB7592500724788 /* MobiletTests.xctest */,
				68DF05042AB7592500724788 /* MobiletUITests.xctest */,
			);
			name = Products;
			sourceTree = "<group>";
		};
		68DF04E62AB7591F00724788 /* Mobilet */ = {
			isa = PBXGroup;
			children = (
				68DF05172AB75D7100724788 /* Application */,
				68DF052A2AB761FB00724788 /* Infrastructures */,
				68DF05242AB7600200724788 /* Data */,
				68DF05182AB75D8600724788 /* Domain */,
				68DF051D2AB75DDD00724788 /* Presentation */,
				68DF05272AB7604900724788 /* Common */,
				68DF04EB2AB7591F00724788 /* ViewController.swift */,
				68DF04F02AB7592400724788 /* Assets.xcassets */,
				68DF04F22AB7592400724788 /* LaunchScreen.storyboard */,
				68DF04F52AB7592400724788 /* Info.plist */,
			);
			path = Mobilet;
			sourceTree = "<group>";
		};
		68DF04FD2AB7592500724788 /* MobiletTests */ = {
			isa = PBXGroup;
			children = (
				6868A5322AB9E68800542E59 /* TransactionsListTests.swift */,
			);
			path = MobiletTests;
			sourceTree = "<group>";
		};
		68DF05072AB7592500724788 /* MobiletUITests */ = {
			isa = PBXGroup;
			children = (
				68DF05082AB7592500724788 /* MobiletUITests.swift */,
				68DF050A2AB7592500724788 /* MobiletUITestsLaunchTests.swift */,
			);
			path = MobiletUITests;
			sourceTree = "<group>";
		};
		68DF05172AB75D7100724788 /* Application */ = {
			isa = PBXGroup;
			children = (
				68DF04E72AB7591F00724788 /* AppDelegate.swift */,
				6868A5362AB9EC7600542E59 /* Coordinator */,
			);
			path = Application;
			sourceTree = "<group>";
		};
		68DF05182AB75D8600724788 /* Domain */ = {
			isa = PBXGroup;
			children = (
				68DF051B2AB75DBC00724788 /* Protocols */,
				68DF051A2AB75DA300724788 /* UseCases */,
				68DF05192AB75D9800724788 /* Entities */,
			);
			path = Domain;
			sourceTree = "<group>";
		};
		68DF05192AB75D9800724788 /* Entities */ = {
			isa = PBXGroup;
			children = (
				B1403B9D2AB82C53002C0444 /* NameSpace + Entities.swift */,
				B1403B952AB82B02002C0444 /* Responses */,
			);
			path = Entities;
			sourceTree = "<group>";
		};
		68DF051A2AB75DA300724788 /* UseCases */ = {
			isa = PBXGroup;
			children = (
				B1403BA82AB82F13002C0444 /* Transactions */,
			);
			path = UseCases;
			sourceTree = "<group>";
		};
		68DF051B2AB75DBC00724788 /* Protocols */ = {
			isa = PBXGroup;
			children = (
				B1403BA22AB82DD7002C0444 /* UseCases */,
				68DF051C2AB75DCB00724788 /* Repositories */,
			);
			path = Protocols;
			sourceTree = "<group>";
		};
		68DF051C2AB75DCB00724788 /* Repositories */ = {
			isa = PBXGroup;
			children = (
				B1403BA12AB82D55002C0444 /* Transactions */,
			);
			path = Repositories;
			sourceTree = "<group>";
		};
		68DF051D2AB75DDD00724788 /* Presentation */ = {
			isa = PBXGroup;
			children = (
				68DF051E2AB75DEF00724788 /* TransactionsList */,
			);
			path = Presentation;
			sourceTree = "<group>";
		};
		68DF051E2AB75DEF00724788 /* TransactionsList */ = {
			isa = PBXGroup;
			children = (
				68DF05222AB75E7100724788 /* ViewModel */,
				68DF05212AB75E5E00724788 /* Controller */,
			);
			path = TransactionsList;
			sourceTree = "<group>";
		};
		68DF05212AB75E5E00724788 /* Controller */ = {
			isa = PBXGroup;
			children = (
				B1403BB42AB86C30002C0444 /* TransactionsList + ViewController.swift */,
				6868A4FA2AB9872E00542E59 /* Childs */,
				B1403BB62AB86C9D002C0444 /* TransactionsList + ViewController + Methods.swift */,
				B1403BB82AB86D25002C0444 /* TransactionsList + ViewController + Conformance.swift */,
			);
			path = Controller;
			sourceTree = "<group>";
		};
		68DF05222AB75E7100724788 /* ViewModel */ = {
			isa = PBXGroup;
			children = (
				B1403BB02AB86B65002C0444 /* TransactionsList + ViewModel.swift */,
				B1403BB22AB86BDC002C0444 /* TransactionsList + ViewModel + Protocol.swift */,
			);
			path = ViewModel;
			sourceTree = "<group>";
		};
		68DF05242AB7600200724788 /* Data */ = {
			isa = PBXGroup;
			children = (
				68DF05252AB7601A00724788 /* Repositories */,
			);
			path = Data;
			sourceTree = "<group>";
		};
		68DF05252AB7601A00724788 /* Repositories */ = {
			isa = PBXGroup;
			children = (
				B1403BAD2AB8325C002C0444 /* Transactions */,
			);
			path = Repositories;
			sourceTree = "<group>";
		};
		68DF05272AB7604900724788 /* Common */ = {
			isa = PBXGroup;
			children = (
				6868A4F02AB95F2C00542E59 /* Extensions */,
				6868A4F82AB97BF400542E59 /* BottomSheet.swift */,
			);
			path = Common;
			sourceTree = "<group>";
		};
		68DF052A2AB761FB00724788 /* Infrastructures */ = {
			isa = PBXGroup;
			children = (
				6868A5032AB9A01600542E59 /* Caching */,
				68DF052B2AB7621100724788 /* Network */,
				6868A4FF2AB9925700542E59 /* ImageDownloader.swift */,
			);
			path = Infrastructures;
			sourceTree = "<group>";
		};
		68DF052B2AB7621100724788 /* Network */ = {
			isa = PBXGroup;
			children = (
				68DF052D2AB7651600724788 /* Network + Manager.swift */,
				68DF052F2AB765F500724788 /* Network + Client.swift */,
				68DF05312AB7665E00724788 /* Endpoints */,
				68DF05362AB76AF500724788 /* Network + Errors.swift */,
			);
			path = Network;
			sourceTree = "<group>";
		};
		68DF05312AB7665E00724788 /* Endpoints */ = {
			isa = PBXGroup;
			children = (
				68DF05322AB7669100724788 /* Endpoints + Protocol.swift */,
				68DF05342AB768BD00724788 /* Endpoints + Transactions.swift */,
			);
			path = Endpoints;
			sourceTree = "<group>";
		};
		B1403B952AB82B02002C0444 /* Responses */ = {
			isa = PBXGroup;
			children = (
				B1403B972AB82B33002C0444 /* Transaction.swift */,
				B1403B992AB82BC7002C0444 /* Bank.swift */,
				B1403B9B2AB82BDF002C0444 /* Person.swift */,
			);
			path = Responses;
			sourceTree = "<group>";
		};
		B1403BA12AB82D55002C0444 /* Transactions */ = {
			isa = PBXGroup;
			children = (
				B1403B9F2AB82D36002C0444 /* TransactionsRepository + Protocol.swift */,
			);
			path = Transactions;
			sourceTree = "<group>";
		};
		B1403BA22AB82DD7002C0444 /* UseCases */ = {
			isa = PBXGroup;
			children = (
				B1403BA32AB82DF8002C0444 /* Transactions */,
			);
			path = UseCases;
			sourceTree = "<group>";
		};
		B1403BA32AB82DF8002C0444 /* Transactions */ = {
			isa = PBXGroup;
			children = (
				B1403BA42AB82E2B002C0444 /* TransactionsListUseCase + Protocol.swift */,
				6868A4EE2AB8D4BF00542E59 /* TransactionsDetailsUseCase + Protocol.swift */,
			);
			path = Transactions;
			sourceTree = "<group>";
		};
		B1403BA82AB82F13002C0444 /* Transactions */ = {
			isa = PBXGroup;
			children = (
				B1403BA92AB82F31002C0444 /* TransactionsList + UseCase.swift */,
				B1403BAB2AB83139002C0444 /* TransactionsDetails + UseCase.swift */,
			);
			path = Transactions;
			sourceTree = "<group>";
		};
		B1403BAD2AB8325C002C0444 /* Transactions */ = {
			isa = PBXGroup;
			children = (
				B1403BAE2AB8327E002C0444 /* Transactions + Repository.swift */,
			);
			path = Transactions;
			sourceTree = "<group>";
		};
/* End PBXGroup section */

/* Begin PBXNativeTarget section */
		68DF04E32AB7591F00724788 /* Mobilet */ = {
			isa = PBXNativeTarget;
			buildConfigurationList = 68DF050E2AB7592500724788 /* Build configuration list for PBXNativeTarget "Mobilet" */;
			buildPhases = (
				68DF04E02AB7591F00724788 /* Sources */,
				68DF04E12AB7591F00724788 /* Frameworks */,
				68DF04E22AB7591F00724788 /* Resources */,
			);
			buildRules = (
			);
			dependencies = (
			);
			name = Mobilet;
			productName = Mobilet;
			productReference = 68DF04E42AB7591F00724788 /* Mobilet.app */;
			productType = "com.apple.product-type.application";
		};
		68DF04F92AB7592500724788 /* MobiletTests */ = {
			isa = PBXNativeTarget;
			buildConfigurationList = 68DF05112AB7592500724788 /* Build configuration list for PBXNativeTarget "MobiletTests" */;
			buildPhases = (
				68DF04F62AB7592500724788 /* Sources */,
				68DF04F72AB7592500724788 /* Frameworks */,
				68DF04F82AB7592500724788 /* Resources */,
			);
			buildRules = (
			);
			dependencies = (
				68DF04FC2AB7592500724788 /* PBXTargetDependency */,
			);
			name = MobiletTests;
			productName = MobiletTests;
			productReference = 68DF04FA2AB7592500724788 /* MobiletTests.xctest */;
			productType = "com.apple.product-type.bundle.unit-test";
		};
		68DF05032AB7592500724788 /* MobiletUITests */ = {
			isa = PBXNativeTarget;
			buildConfigurationList = 68DF05142AB7592500724788 /* Build configuration list for PBXNativeTarget "MobiletUITests" */;
			buildPhases = (
				68DF05002AB7592500724788 /* Sources */,
				68DF05012AB7592500724788 /* Frameworks */,
				68DF05022AB7592500724788 /* Resources */,
			);
			buildRules = (
			);
			dependencies = (
				68DF05062AB7592500724788 /* PBXTargetDependency */,
			);
			name = MobiletUITests;
			productName = MobiletUITests;
			productReference = 68DF05042AB7592500724788 /* MobiletUITests.xctest */;
			productType = "com.apple.product-type.bundle.ui-testing";
		};
/* End PBXNativeTarget section */

/* Begin PBXProject section */
		68DF04DC2AB7591F00724788 /* Project object */ = {
			isa = PBXProject;
			attributes = {
				BuildIndependentTargetsInParallel = 1;
				LastSwiftUpdateCheck = 1430;
				LastUpgradeCheck = 1430;
				TargetAttributes = {
					68DF04E32AB7591F00724788 = {
						CreatedOnToolsVersion = 14.3;
					};
					68DF04F92AB7592500724788 = {
						CreatedOnToolsVersion = 14.3;
						TestTargetID = 68DF04E32AB7591F00724788;
					};
					68DF05032AB7592500724788 = {
						CreatedOnToolsVersion = 14.3;
						TestTargetID = 68DF04E32AB7591F00724788;
					};
				};
			};
			buildConfigurationList = 68DF04DF2AB7591F00724788 /* Build configuration list for PBXProject "Mobilet" */;
			compatibilityVersion = "Xcode 14.0";
			developmentRegion = en;
			hasScannedForEncodings = 0;
			knownRegions = (
				en,
				Base,
			);
			mainGroup = 68DF04DB2AB7591F00724788;
			productRefGroup = 68DF04E52AB7591F00724788 /* Products */;
			projectDirPath = "";
			projectRoot = "";
			targets = (
				68DF04E32AB7591F00724788 /* Mobilet */,
				68DF04F92AB7592500724788 /* MobiletTests */,
				68DF05032AB7592500724788 /* MobiletUITests */,
			);
		};
/* End PBXProject section */

/* Begin PBXResourcesBuildPhase section */
		68DF04E22AB7591F00724788 /* Resources */ = {
			isa = PBXResourcesBuildPhase;
			buildActionMask = 2147483647;
			files = (
				68DF04F42AB7592400724788 /* LaunchScreen.storyboard in Resources */,
				68DF04F12AB7592400724788 /* Assets.xcassets in Resources */,
			);
			runOnlyForDeploymentPostprocessing = 0;
		};
		68DF04F82AB7592500724788 /* Resources */ = {
			isa = PBXResourcesBuildPhase;
			buildActionMask = 2147483647;
			files = (
			);
			runOnlyForDeploymentPostprocessing = 0;
		};
		68DF05022AB7592500724788 /* Resources */ = {
			isa = PBXResourcesBuildPhase;
			buildActionMask = 2147483647;
			files = (
			);
			runOnlyForDeploymentPostprocessing = 0;
		};
/* End PBXResourcesBuildPhase section */

/* Begin PBXSourcesBuildPhase section */
		68DF04E02AB7591F00724788 /* Sources */ = {
			isa = PBXSourcesBuildPhase;
			buildActionMask = 2147483647;
			files = (
				B1403B9C2AB82BDF002C0444 /* Person.swift in Sources */,
				6868A4F92AB97BF400542E59 /* BottomSheet.swift in Sources */,
				6868A5382AB9EC9300542E59 /* AppCoordinator + Protocol.swift in Sources */,
				6868A4FE2AB98AAF00542E59 /* TransactionsList + ViewController + Cell + DetailsHolder.swift in Sources */,
				B1403BAA2AB82F31002C0444 /* TransactionsList + UseCase.swift in Sources */,
				B1403BB12AB86B65002C0444 /* TransactionsList + ViewModel.swift in Sources */,
				6868A5022AB993EE00542E59 /* TransactionsList + ViewController + Cell + Conformance.swift in Sources */,
				6868A4EF2AB8D4BF00542E59 /* TransactionsDetailsUseCase + Protocol.swift in Sources */,
				68DF05352AB768BD00724788 /* Endpoints + Transactions.swift in Sources */,
				B1403BBB2AB86EE3002C0444 /* TransactionsList + ViewController + Cell.swift in Sources */,
				B1403BB92AB86D25002C0444 /* TransactionsList + ViewController + Conformance.swift in Sources */,
				6868A4FC2AB9875B00542E59 /* TransactionList + ViewController + Cell + Methods.swift in Sources */,
				6868A5052AB9A02E00542E59 /* TransactionCache.swift in Sources */,
				68DF05302AB765F500724788 /* Network + Client.swift in Sources */,
				B1403BB32AB86BDC002C0444 /* TransactionsList + ViewModel + Protocol.swift in Sources */,
				B1403B9E2AB82C53002C0444 /* NameSpace + Entities.swift in Sources */,
				B1403BB52AB86C30002C0444 /* TransactionsList + ViewController.swift in Sources */,
				B1403BB72AB86C9D002C0444 /* TransactionsList + ViewController + Methods.swift in Sources */,
				B1403BBD2AB8799F002C0444 /* AppCoordinator.swift in Sources */,
				6868A5002AB9925700542E59 /* ImageDownloader.swift in Sources */,
				6868A5072AB9B85500542E59 /* Array + Extensions.swift in Sources */,
				B1403B982AB82B33002C0444 /* Transaction.swift in Sources */,
				6868A4F22AB95F3F00542E59 /* String + Extensions.swift in Sources */,
				68DF05372AB76AF500724788 /* Network + Errors.swift in Sources */,
				68DF04EC2AB7591F00724788 /* ViewController.swift in Sources */,
				B1403BAC2AB83139002C0444 /* TransactionsDetails + UseCase.swift in Sources */,
				B1403BAF2AB8327E002C0444 /* Transactions + Repository.swift in Sources */,
				68DF05332AB7669100724788 /* Endpoints + Protocol.swift in Sources */,
				B1403B9A2AB82BC7002C0444 /* Bank.swift in Sources */,
				B1403BA52AB82E2B002C0444 /* TransactionsListUseCase + Protocol.swift in Sources */,
				6868A4F72AB9737800542E59 /* UIView + Extension.swift in Sources */,
				68DF052E2AB7651600724788 /* Network + Manager.swift in Sources */,
				B1403BA02AB82D36002C0444 /* TransactionsRepository + Protocol.swift in Sources */,
				68DF04E82AB7591F00724788 /* AppDelegate.swift in Sources */,
			);
			runOnlyForDeploymentPostprocessing = 0;
		};
		68DF04F62AB7592500724788 /* Sources */ = {
			isa = PBXSourcesBuildPhase;
			buildActionMask = 2147483647;
			files = (
				6868A5342AB9E68800542E59 /* TransactionsListTests.swift in Sources */,
			);
			runOnlyForDeploymentPostprocessing = 0;
		};
		68DF05002AB7592500724788 /* Sources */ = {
			isa = PBXSourcesBuildPhase;
			buildActionMask = 2147483647;
			files = (
				68DF05092AB7592500724788 /* MobiletUITests.swift in Sources */,
				68DF050B2AB7592500724788 /* MobiletUITestsLaunchTests.swift in Sources */,
			);
			runOnlyForDeploymentPostprocessing = 0;
		};
/* End PBXSourcesBuildPhase section */

/* Begin PBXTargetDependency section */
		68DF04FC2AB7592500724788 /* PBXTargetDependency */ = {
			isa = PBXTargetDependency;
			target = 68DF04E32AB7591F00724788 /* Mobilet */;
			targetProxy = 68DF04FB2AB7592500724788 /* PBXContainerItemProxy */;
		};
		68DF05062AB7592500724788 /* PBXTargetDependency */ = {
			isa = PBXTargetDependency;
			target = 68DF04E32AB7591F00724788 /* Mobilet */;
			targetProxy = 68DF05052AB7592500724788 /* PBXContainerItemProxy */;
		};
/* End PBXTargetDependency section */

/* Begin PBXVariantGroup section */
		68DF04F22AB7592400724788 /* LaunchScreen.storyboard */ = {
			isa = PBXVariantGroup;
			children = (
				68DF04F32AB7592400724788 /* Base */,
			);
			name = LaunchScreen.storyboard;
			sourceTree = "<group>";
		};
/* End PBXVariantGroup section */

/* Begin XCBuildConfiguration section */
		68DF050C2AB7592500724788 /* Debug */ = {
			isa = XCBuildConfiguration;
			buildSettings = {
				ALWAYS_SEARCH_USER_PATHS = NO;
				CLANG_ANALYZER_NONNULL = YES;
				CLANG_ANALYZER_NUMBER_OBJECT_CONVERSION = YES_AGGRESSIVE;
				CLANG_CXX_LANGUAGE_STANDARD = "gnu++20";
				CLANG_ENABLE_MODULES = YES;
				CLANG_ENABLE_OBJC_ARC = YES;
				CLANG_ENABLE_OBJC_WEAK = YES;
				CLANG_WARN_BLOCK_CAPTURE_AUTORELEASING = YES;
				CLANG_WARN_BOOL_CONVERSION = YES;
				CLANG_WARN_COMMA = YES;
				CLANG_WARN_CONSTANT_CONVERSION = YES;
				CLANG_WARN_DEPRECATED_OBJC_IMPLEMENTATIONS = YES;
				CLANG_WARN_DIRECT_OBJC_ISA_USAGE = YES_ERROR;
				CLANG_WARN_DOCUMENTATION_COMMENTS = YES;
				CLANG_WARN_EMPTY_BODY = YES;
				CLANG_WARN_ENUM_CONVERSION = YES;
				CLANG_WARN_INFINITE_RECURSION = YES;
				CLANG_WARN_INT_CONVERSION = YES;
				CLANG_WARN_NON_LITERAL_NULL_CONVERSION = YES;
				CLANG_WARN_OBJC_IMPLICIT_RETAIN_SELF = YES;
				CLANG_WARN_OBJC_LITERAL_CONVERSION = YES;
				CLANG_WARN_OBJC_ROOT_CLASS = YES_ERROR;
				CLANG_WARN_QUOTED_INCLUDE_IN_FRAMEWORK_HEADER = YES;
				CLANG_WARN_RANGE_LOOP_ANALYSIS = YES;
				CLANG_WARN_STRICT_PROTOTYPES = YES;
				CLANG_WARN_SUSPICIOUS_MOVE = YES;
				CLANG_WARN_UNGUARDED_AVAILABILITY = YES_AGGRESSIVE;
				CLANG_WARN_UNREACHABLE_CODE = YES;
				CLANG_WARN__DUPLICATE_METHOD_MATCH = YES;
				COPY_PHASE_STRIP = NO;
				DEBUG_INFORMATION_FORMAT = dwarf;
				ENABLE_STRICT_OBJC_MSGSEND = YES;
				ENABLE_TESTABILITY = YES;
				GCC_C_LANGUAGE_STANDARD = gnu11;
				GCC_DYNAMIC_NO_PIC = NO;
				GCC_NO_COMMON_BLOCKS = YES;
				GCC_OPTIMIZATION_LEVEL = 0;
				GCC_PREPROCESSOR_DEFINITIONS = (
					"DEBUG=1",
					"$(inherited)",
				);
				GCC_WARN_64_TO_32_BIT_CONVERSION = YES;
				GCC_WARN_ABOUT_RETURN_TYPE = YES_ERROR;
				GCC_WARN_UNDECLARED_SELECTOR = YES;
				GCC_WARN_UNINITIALIZED_AUTOS = YES_AGGRESSIVE;
				GCC_WARN_UNUSED_FUNCTION = YES;
				GCC_WARN_UNUSED_VARIABLE = YES;
				IPHONEOS_DEPLOYMENT_TARGET = 16.4;
				MTL_ENABLE_DEBUG_INFO = INCLUDE_SOURCE;
				MTL_FAST_MATH = YES;
				ONLY_ACTIVE_ARCH = YES;
				SDKROOT = iphoneos;
				SWIFT_ACTIVE_COMPILATION_CONDITIONS = DEBUG;
				SWIFT_OPTIMIZATION_LEVEL = "-Onone";
			};
			name = Debug;
		};
		68DF050D2AB7592500724788 /* Release */ = {
			isa = XCBuildConfiguration;
			buildSettings = {
				ALWAYS_SEARCH_USER_PATHS = NO;
				CLANG_ANALYZER_NONNULL = YES;
				CLANG_ANALYZER_NUMBER_OBJECT_CONVERSION = YES_AGGRESSIVE;
				CLANG_CXX_LANGUAGE_STANDARD = "gnu++20";
				CLANG_ENABLE_MODULES = YES;
				CLANG_ENABLE_OBJC_ARC = YES;
				CLANG_ENABLE_OBJC_WEAK = YES;
				CLANG_WARN_BLOCK_CAPTURE_AUTORELEASING = YES;
				CLANG_WARN_BOOL_CONVERSION = YES;
				CLANG_WARN_COMMA = YES;
				CLANG_WARN_CONSTANT_CONVERSION = YES;
				CLANG_WARN_DEPRECATED_OBJC_IMPLEMENTATIONS = YES;
				CLANG_WARN_DIRECT_OBJC_ISA_USAGE = YES_ERROR;
				CLANG_WARN_DOCUMENTATION_COMMENTS = YES;
				CLANG_WARN_EMPTY_BODY = YES;
				CLANG_WARN_ENUM_CONVERSION = YES;
				CLANG_WARN_INFINITE_RECURSION = YES;
				CLANG_WARN_INT_CONVERSION = YES;
				CLANG_WARN_NON_LITERAL_NULL_CONVERSION = YES;
				CLANG_WARN_OBJC_IMPLICIT_RETAIN_SELF = YES;
				CLANG_WARN_OBJC_LITERAL_CONVERSION = YES;
				CLANG_WARN_OBJC_ROOT_CLASS = YES_ERROR;
				CLANG_WARN_QUOTED_INCLUDE_IN_FRAMEWORK_HEADER = YES;
				CLANG_WARN_RANGE_LOOP_ANALYSIS = YES;
				CLANG_WARN_STRICT_PROTOTYPES = YES;
				CLANG_WARN_SUSPICIOUS_MOVE = YES;
				CLANG_WARN_UNGUARDED_AVAILABILITY = YES_AGGRESSIVE;
				CLANG_WARN_UNREACHABLE_CODE = YES;
				CLANG_WARN__DUPLICATE_METHOD_MATCH = YES;
				COPY_PHASE_STRIP = NO;
				DEBUG_INFORMATION_FORMAT = "dwarf-with-dsym";
				ENABLE_NS_ASSERTIONS = NO;
				ENABLE_STRICT_OBJC_MSGSEND = YES;
				GCC_C_LANGUAGE_STANDARD = gnu11;
				GCC_NO_COMMON_BLOCKS = YES;
				GCC_WARN_64_TO_32_BIT_CONVERSION = YES;
				GCC_WARN_ABOUT_RETURN_TYPE = YES_ERROR;
				GCC_WARN_UNDECLARED_SELECTOR = YES;
				GCC_WARN_UNINITIALIZED_AUTOS = YES_AGGRESSIVE;
				GCC_WARN_UNUSED_FUNCTION = YES;
				GCC_WARN_UNUSED_VARIABLE = YES;
				IPHONEOS_DEPLOYMENT_TARGET = 16.4;
				MTL_ENABLE_DEBUG_INFO = NO;
				MTL_FAST_MATH = YES;
				SDKROOT = iphoneos;
				SWIFT_COMPILATION_MODE = wholemodule;
				SWIFT_OPTIMIZATION_LEVEL = "-O";
				VALIDATE_PRODUCT = YES;
			};
			name = Release;
		};
		68DF050F2AB7592500724788 /* Debug */ = {
			isa = XCBuildConfiguration;
			buildSettings = {
				ASSETCATALOG_COMPILER_APPICON_NAME = AppIcon;
				ASSETCATALOG_COMPILER_GLOBAL_ACCENT_COLOR_NAME = AccentColor;
				CODE_SIGN_STYLE = Automatic;
				CURRENT_PROJECT_VERSION = 1;
				DEVELOPMENT_TEAM = 35M7M2UWU5;
				GENERATE_INFOPLIST_FILE = YES;
				INFOPLIST_FILE = Mobilet/Info.plist;
				INFOPLIST_KEY_UIApplicationSupportsIndirectInputEvents = YES;
				INFOPLIST_KEY_UILaunchStoryboardName = LaunchScreen;
				INFOPLIST_KEY_UIMainStoryboardFile = "";
				INFOPLIST_KEY_UISupportedInterfaceOrientations_iPad = "UIInterfaceOrientationPortrait UIInterfaceOrientationPortraitUpsideDown UIInterfaceOrientationLandscapeLeft UIInterfaceOrientationLandscapeRight";
				INFOPLIST_KEY_UISupportedInterfaceOrientations_iPhone = "UIInterfaceOrientationPortrait UIInterfaceOrientationLandscapeLeft UIInterfaceOrientationLandscapeRight";
				IPHONEOS_DEPLOYMENT_TARGET = 11.0;
				LD_RUNPATH_SEARCH_PATHS = (
					"$(inherited)",
					"@executable_path/Frameworks",
				);
				MARKETING_VERSION = 1.0;
				PRODUCT_BUNDLE_IDENTIFIER = com.benji.mobilet.Mobilet;
				PRODUCT_NAME = "$(TARGET_NAME)";
				SWIFT_EMIT_LOC_STRINGS = YES;
				SWIFT_VERSION = 5.0;
				TARGETED_DEVICE_FAMILY = "1,2";
			};
			name = Debug;
		};
		68DF05102AB7592500724788 /* Release */ = {
			isa = XCBuildConfiguration;
			buildSettings = {
				ASSETCATALOG_COMPILER_APPICON_NAME = AppIcon;
				ASSETCATALOG_COMPILER_GLOBAL_ACCENT_COLOR_NAME = AccentColor;
				CODE_SIGN_STYLE = Automatic;
				CURRENT_PROJECT_VERSION = 1;
				DEVELOPMENT_TEAM = 35M7M2UWU5;
				GENERATE_INFOPLIST_FILE = YES;
				INFOPLIST_FILE = Mobilet/Info.plist;
				INFOPLIST_KEY_UIApplicationSupportsIndirectInputEvents = YES;
				INFOPLIST_KEY_UILaunchStoryboardName = LaunchScreen;
				INFOPLIST_KEY_UIMainStoryboardFile = "";
				INFOPLIST_KEY_UISupportedInterfaceOrientations_iPad = "UIInterfaceOrientationPortrait UIInterfaceOrientationPortraitUpsideDown UIInterfaceOrientationLandscapeLeft UIInterfaceOrientationLandscapeRight";
				INFOPLIST_KEY_UISupportedInterfaceOrientations_iPhone = "UIInterfaceOrientationPortrait UIInterfaceOrientationLandscapeLeft UIInterfaceOrientationLandscapeRight";
				IPHONEOS_DEPLOYMENT_TARGET = 11.0;
				LD_RUNPATH_SEARCH_PATHS = (
					"$(inherited)",
					"@executable_path/Frameworks",
				);
				MARKETING_VERSION = 1.0;
				PRODUCT_BUNDLE_IDENTIFIER = com.benji.mobilet.Mobilet;
				PRODUCT_NAME = "$(TARGET_NAME)";
				SWIFT_EMIT_LOC_STRINGS = YES;
				SWIFT_VERSION = 5.0;
				TARGETED_DEVICE_FAMILY = "1,2";
			};
			name = Release;
		};
		68DF05122AB7592500724788 /* Debug */ = {
			isa = XCBuildConfiguration;
			buildSettings = {
				ALWAYS_EMBED_SWIFT_STANDARD_LIBRARIES = YES;
				BUNDLE_LOADER = "$(TEST_HOST)";
				CODE_SIGN_STYLE = Automatic;
				CURRENT_PROJECT_VERSION = 1;
				DEVELOPMENT_TEAM = SV85FQNW59;
				GENERATE_INFOPLIST_FILE = YES;
				IPHONEOS_DEPLOYMENT_TARGET = 11.0;
				MARKETING_VERSION = 1.0;
				PRODUCT_BUNDLE_IDENTIFIER = com.benji.mobilet.MobiletTests;
				PRODUCT_NAME = "$(TARGET_NAME)";
				SWIFT_EMIT_LOC_STRINGS = NO;
				SWIFT_VERSION = 5.0;
				TARGETED_DEVICE_FAMILY = "1,2";
				TEST_HOST = "$(BUILT_PRODUCTS_DIR)/Mobilet.app/$(BUNDLE_EXECUTABLE_FOLDER_PATH)/Mobilet";
			};
			name = Debug;
		};
		68DF05132AB7592500724788 /* Release */ = {
			isa = XCBuildConfiguration;
			buildSettings = {
				ALWAYS_EMBED_SWIFT_STANDARD_LIBRARIES = YES;
				BUNDLE_LOADER = "$(TEST_HOST)";
				CODE_SIGN_STYLE = Automatic;
				CURRENT_PROJECT_VERSION = 1;
				DEVELOPMENT_TEAM = SV85FQNW59;
				GENERATE_INFOPLIST_FILE = YES;
				IPHONEOS_DEPLOYMENT_TARGET = 11.0;
				MARKETING_VERSION = 1.0;
				PRODUCT_BUNDLE_IDENTIFIER = com.benji.mobilet.MobiletTests;
				PRODUCT_NAME = "$(TARGET_NAME)";
				SWIFT_EMIT_LOC_STRINGS = NO;
				SWIFT_VERSION = 5.0;
				TARGETED_DEVICE_FAMILY = "1,2";
				TEST_HOST = "$(BUILT_PRODUCTS_DIR)/Mobilet.app/$(BUNDLE_EXECUTABLE_FOLDER_PATH)/Mobilet";
			};
			name = Release;
		};
		68DF05152AB7592500724788 /* Debug */ = {
			isa = XCBuildConfiguration;
			buildSettings = {
				ALWAYS_EMBED_SWIFT_STANDARD_LIBRARIES = YES;
				CODE_SIGN_STYLE = Automatic;
				CURRENT_PROJECT_VERSION = 1;
				DEVELOPMENT_TEAM = SV85FQNW59;
				GENERATE_INFOPLIST_FILE = YES;
				IPHONEOS_DEPLOYMENT_TARGET = 11.0;
				MARKETING_VERSION = 1.0;
				PRODUCT_BUNDLE_IDENTIFIER = com.benji.mobilet.MobiletUITests;
				PRODUCT_NAME = "$(TARGET_NAME)";
				SWIFT_EMIT_LOC_STRINGS = NO;
				SWIFT_VERSION = 5.0;
				TARGETED_DEVICE_FAMILY = "1,2";
				TEST_TARGET_NAME = Mobilet;
			};
			name = Debug;
		};
		68DF05162AB7592500724788 /* Release */ = {
			isa = XCBuildConfiguration;
			buildSettings = {
				ALWAYS_EMBED_SWIFT_STANDARD_LIBRARIES = YES;
				CODE_SIGN_STYLE = Automatic;
				CURRENT_PROJECT_VERSION = 1;
				DEVELOPMENT_TEAM = SV85FQNW59;
				GENERATE_INFOPLIST_FILE = YES;
				IPHONEOS_DEPLOYMENT_TARGET = 11.0;
				MARKETING_VERSION = 1.0;
				PRODUCT_BUNDLE_IDENTIFIER = com.benji.mobilet.MobiletUITests;
				PRODUCT_NAME = "$(TARGET_NAME)";
				SWIFT_EMIT_LOC_STRINGS = NO;
				SWIFT_VERSION = 5.0;
				TARGETED_DEVICE_FAMILY = "1,2";
				TEST_TARGET_NAME = Mobilet;
			};
			name = Release;
		};
/* End XCBuildConfiguration section */

/* Begin XCConfigurationList section */
		68DF04DF2AB7591F00724788 /* Build configuration list for PBXProject "Mobilet" */ = {
			isa = XCConfigurationList;
			buildConfigurations = (
				68DF050C2AB7592500724788 /* Debug */,
				68DF050D2AB7592500724788 /* Release */,
			);
			defaultConfigurationIsVisible = 0;
			defaultConfigurationName = Release;
		};
		68DF050E2AB7592500724788 /* Build configuration list for PBXNativeTarget "Mobilet" */ = {
			isa = XCConfigurationList;
			buildConfigurations = (
				68DF050F2AB7592500724788 /* Debug */,
				68DF05102AB7592500724788 /* Release */,
			);
			defaultConfigurationIsVisible = 0;
			defaultConfigurationName = Release;
		};
		68DF05112AB7592500724788 /* Build configuration list for PBXNativeTarget "MobiletTests" */ = {
			isa = XCConfigurationList;
			buildConfigurations = (
				68DF05122AB7592500724788 /* Debug */,
				68DF05132AB7592500724788 /* Release */,
			);
			defaultConfigurationIsVisible = 0;
			defaultConfigurationName = Release;
		};
		68DF05142AB7592500724788 /* Build configuration list for PBXNativeTarget "MobiletUITests" */ = {
			isa = XCConfigurationList;
			buildConfigurations = (
				68DF05152AB7592500724788 /* Debug */,
				68DF05162AB7592500724788 /* Release */,
			);
			defaultConfigurationIsVisible = 0;
			defaultConfigurationName = Release;
		};
/* End XCConfigurationList section */
	};
	rootObject = 68DF04DC2AB7591F00724788 /* Project object */;
}
